
Microsoft Visual Studio Solution File, Format Version 12.00
# Visual Studio 2012
Project("{FAE04EC0-301F-11D3-BF4B-00C04F79EFBC}") = "WaterPower", "WaterPower\WaterPower.csproj", "{828DB899-1A22-4515-9ED3-9E5B450C9BF4}"
EndProject
Global
	GlobalSection(SolutionConfigurationPlatforms) = preSolution
		Debug|Any CPU = Debug|Any CPU
		Release|Any CPU = Release|Any CPU
	EndGlobalSection
	GlobalSection(ProjectConfigurationPlatforms) = postSolution
		{828DB899-1A22-4515-9ED3-9E5B450C9BF4}.Debug|Any CPU.ActiveCfg = Debug|Any CPU
		{828DB899-1A22-4515-9ED3-9E5B450C9BF4}.Debug|Any CPU.Build.0 = Debug|Any CPU
		{828DB899-1A22-4515-9ED3-9E5B450C9BF4}.Release|Any CPU.ActiveCfg = Release|Any CPU
		{828DB899-1A22-4515-9ED3-9E5B450C9BF4}.Release|Any CPU.Build.0 = Release|Any CPU
	EndGlobalSection
EndGlobal
